<Solution>
  <Project Path="Assembly-CSharp-firstpass.csproj" />
  <Project Path="Assembly-CSharp-Editor-firstpass.csproj" />
  <Project Path="SingularityGroup.HotReload.Editor.csproj" />
  <Project Path="MagicaClothV2.csproj" />
  <Project Path="UniTask.csproj" />
  <Project Path="Assembly-CSharp-Editor.csproj" />
  <Project Path="Assembly-CSharp.csproj" />
  <Project Path="uLipSync.Editor.csproj" />
  <Project Path="UniTask.Linq.csproj" />
  <Project Path="MagicaClothV2.Editor.csproj" />
  <Project Path="IngameDebugConsole.Runtime.csproj" />
  <Project Path="uLipSync.Runtime.csproj" />
  <Project Path="Uween.Runtime.csproj" />
  <Project Path="UnityChan.csproj" />
  <Project Path="UniTask.Addressables.csproj" />
  <Project Path="PrimeTween.Demo.csproj" />
  <Project Path="uLipSync.Example.RuntimeProfile.Runtime.csproj" />
  <Project Path="BezierSolution.Runtime.csproj" />
  <Project Path="SingularityGroup.HotReload.Runtime.Public.csproj" />
  <Project Path="uLipSync.Samples.VRM.Editor.csproj" />
  <Project Path="UniTask.TextMeshPro.csproj" />
  <Project Path="SingularityGroup.HotReload.Runtime.csproj" />
  <Project Path="Sirenix.OdinInspector.Modules.Unity.Addressables.csproj" />
  <Project Path="Unity.StarterAssets.Editor.csproj" />
  <Project Path="uLipSync.Samples.VRM.Runtime.csproj" />
  <Project Path="Unity.StarterAssets.csproj" />
  <Project Path="BezierSolution.Editor.csproj" />
  <Project Path="uLipSync.Samples.RuntimeSetup.Runtime.csproj" />
  <Project Path="uLipSync.Samples.Animator.Runtime.csproj" />
  <Project Path="uLipSync.Samples.Common.csproj" />
  <Project Path="UniTask.Editor.csproj" />
  <Project Path="Sirenix.OdinInspector.Modules.UnityMathematics.csproj" />
  <Project Path="PrimeTween.Debug.csproj" />
  <Project Path="IngameDebugConsole.Editor.csproj" />
  <Project Path="UniTask.DOTween.csproj" />
  <Project Path="URPWizard.csproj" />
  <Project Path="uLipSync.Samples.WebGL.Runtime.csproj" />
  <Project Path="PrimeTween.Installer.csproj" />
</Solution>
